// !$*UTF8*$!
{
	archiveVersion = 1;
	classes = {
	};
	objectVersion = 45;
	objects = {

/* Begin PBXBuildFile section */
		00CFDF6B1138442D0091E310 /* CoreGraphics.framework in Frameworks */ = {isa = PBXBuildFile; fileRef = 00CFDF6A1138442D0091E310 /* CoreGraphics.framework */; };
		00EB53F013E250DA006BF8E7 /* AudioToolbox.framework in Frameworks */ = {isa = PBXBuildFile; fileRef = 00EB53EF13E250DA006BF8E7 /* AudioToolbox.framework */; };
		00EB53F213E251EF006BF8E7 /* assets in Resources */ = {isa = PBXBuildFile; fileRef = 00EB53F113E251EF006BF8E7 /* assets */; };
		00EB543F13E25352006BF8E7 /* CoreText.framework in Frameworks */ = {isa = PBXBuildFile; fileRef = 00EB543E13E25352006BF8E7 /* CoreText.framework */; };
		00EB544113E25367006BF8E7 /* libz.dylib in Frameworks */ = {isa = PBXBuildFile; fileRef = 00EB544013E25367006BF8E7 /* libz.dylib */; };
		1D60589F0D05DD5A006BFB54 /* Foundation.framework in Frameworks */ = {isa = PBXBuildFile; fileRef = 1D30AB110D05D00D00671497 /* Foundation.framework */; };
		1DF5F4E00D08C38300B7A737 /* UIKit.framework in Frameworks */ = {isa = PBXBuildFile; fileRef = 1DF5F4DF0D08C38300B7A737 /* UIKit.framework */; };
		28FD15000DC6FC520079059D /* OpenGLES.framework in Frameworks */ = {isa = PBXBuildFile; fileRef = 28FD14FF0DC6FC520079059D /* OpenGLES.framework */; };
		28FD15080DC6FC5B0079059D /* QuartzCore.framework in Frameworks */ = {isa = PBXBuildFile; fileRef = 28FD15070DC6FC5B0079059D /* QuartzCore.framework */; };
		43CD9799123D6504003B628E /* Icon.png in Resources */ = {isa = PBXBuildFile; fileRef = 43CD9798123D6504003B628E /* Icon.png */; };
		C725DFFE121DAC7F00FA186B /* CoreMedia.framework in Frameworks */ = {isa = PBXBuildFile; fileRef = C727C02B121B400300192073 /* CoreMedia.framework */; settings = {ATTRIBUTES = (Weak, ); }; };
		C725E001121DAC8F00FA186B /* AVFoundation.framework in Frameworks */ = {isa = PBXBuildFile; fileRef = C725E000121DAC8F00FA186B /* AVFoundation.framework */; settings = {ATTRIBUTES = (Weak, ); }; };
		C727C02E121B400300192073 /* CoreVideo.framework in Frameworks */ = {isa = PBXBuildFile; fileRef = C727C02D121B400300192073 /* CoreVideo.framework */; settings = {ATTRIBUTES = (Weak, ); }; };
		ED25C1391683AF8C0025CBFE /* client.pem in Resources */ = {isa = PBXBuildFile; fileRef = ED25C0F31683AF8B0025CBFE /* client.pem */; };
		ED25C13A1683AF8C0025CBFE /* dh512.pem in Resources */ = {isa = PBXBuildFile; fileRef = ED25C0F41683AF8B0025CBFE /* dh512.pem */; };
		ED25C13B1683AF8C0025CBFE /* server.cer in Resources */ = {isa = PBXBuildFile; fileRef = ED25C0F51683AF8B0025CBFE /* server.cer */; };
		ED25C13C1683AF8C0025CBFE /* server.pem in Resources */ = {isa = PBXBuildFile; fileRef = ED25C0F61683AF8B0025CBFE /* server.pem */; };
		ED25C13D1683AF8C0025CBFE /* libwebsocketpp.a in Frameworks */ = {isa = PBXBuildFile; fileRef = ED25C0FE1683AF8B0025CBFE /* libwebsocketpp.a */; };
		ED25C13F1683AF8C0025CBFE /* README.md in Resources */ = {isa = PBXBuildFile; fileRef = ED25C1011683AF8B0025CBFE /* README.md */; };
		ED25C14B1683DC250025CBFE /* CoreMotion.framework in Frameworks */ = {isa = PBXBuildFile; fileRef = ED25C14A1683DC250025CBFE /* CoreMotion.framework */; };
		ED25C1671683E1000025CBFE /* MarioKardApp.mm in Sources */ = {isa = PBXBuildFile; fileRef = ED25C1661683E1000025CBFE /* MarioKardApp.mm */; };
/* End PBXBuildFile section */

/* Begin PBXFileReference section */
		00CFDF6A1138442D0091E310 /* CoreGraphics.framework */ = {isa = PBXFileReference; lastKnownFileType = wrapper.framework; name = CoreGraphics.framework; path = System/Library/Frameworks/CoreGraphics.framework; sourceTree = SDKROOT; };
		00EB53EF13E250DA006BF8E7 /* AudioToolbox.framework */ = {isa = PBXFileReference; lastKnownFileType = wrapper.framework; name = AudioToolbox.framework; path = System/Library/Frameworks/AudioToolbox.framework; sourceTree = SDKROOT; };
		00EB53F113E251EF006BF8E7 /* assets */ = {isa = PBXFileReference; lastKnownFileType = folder; name = assets; path = ../assets; sourceTree = "<group>"; };
		00EB543E13E25352006BF8E7 /* CoreText.framework */ = {isa = PBXFileReference; lastKnownFileType = wrapper.framework; name = CoreText.framework; path = System/Library/Frameworks/CoreText.framework; sourceTree = SDKROOT; };
		00EB544013E25367006BF8E7 /* libz.dylib */ = {isa = PBXFileReference; lastKnownFileType = "compiled.mach-o.dylib"; name = libz.dylib; path = usr/lib/libz.dylib; sourceTree = SDKROOT; };
		1D30AB110D05D00D00671497 /* Foundation.framework */ = {isa = PBXFileReference; lastKnownFileType = wrapper.framework; name = Foundation.framework; path = System/Library/Frameworks/Foundation.framework; sourceTree = SDKROOT; };
		1D6058910D05DD3D006BFB54 /* MarioKard.app */ = {isa = PBXFileReference; explicitFileType = wrapper.application; includeInIndex = 0; path = MarioKard.app; sourceTree = BUILT_PRODUCTS_DIR; };
		1DF5F4DF0D08C38300B7A737 /* UIKit.framework */ = {isa = PBXFileReference; lastKnownFileType = wrapper.framework; name = UIKit.framework; path = System/Library/Frameworks/UIKit.framework; sourceTree = SDKROOT; };
		28FD14FF0DC6FC520079059D /* OpenGLES.framework */ = {isa = PBXFileReference; lastKnownFileType = wrapper.framework; name = OpenGLES.framework; path = System/Library/Frameworks/OpenGLES.framework; sourceTree = SDKROOT; };
		28FD15070DC6FC5B0079059D /* QuartzCore.framework */ = {isa = PBXFileReference; lastKnownFileType = wrapper.framework; name = QuartzCore.framework; path = System/Library/Frameworks/QuartzCore.framework; sourceTree = SDKROOT; };
		32CA4F630368D1EE00C91783 /* MarioKard_Prefix.pch */ = {isa = PBXFileReference; fileEncoding = 4; lastKnownFileType = sourcecode.c.h; path = MarioKard_Prefix.pch; sourceTree = "<group>"; };
		43CD9798123D6504003B628E /* Icon.png */ = {isa = PBXFileReference; lastKnownFileType = image.png; path = Icon.png; sourceTree = SOURCE_ROOT; };
		8D1107310486CEB800E47090 /* MarioKard-Info.plist */ = {isa = PBXFileReference; fileEncoding = 4; lastKnownFileType = text.plist.xml; path = "MarioKard-Info.plist"; plistStructureDefinitionIdentifier = "com.apple.xcode.plist.structure-definition.iphone.info-plist"; sourceTree = "<group>"; };
		C725E000121DAC8F00FA186B /* AVFoundation.framework */ = {isa = PBXFileReference; lastKnownFileType = wrapper.framework; name = AVFoundation.framework; path = System/Library/Frameworks/AVFoundation.framework; sourceTree = SDKROOT; };
		C727C02B121B400300192073 /* CoreMedia.framework */ = {isa = PBXFileReference; lastKnownFileType = wrapper.framework; name = CoreMedia.framework; path = System/Library/Frameworks/CoreMedia.framework; sourceTree = SDKROOT; };
		C727C02D121B400300192073 /* CoreVideo.framework */ = {isa = PBXFileReference; lastKnownFileType = wrapper.framework; name = CoreVideo.framework; path = System/Library/Frameworks/CoreVideo.framework; sourceTree = SDKROOT; };
		ED25C0CF1683AF8B0025CBFE /* base64.h */ = {isa = PBXFileReference; fileEncoding = 4; lastKnownFileType = sourcecode.c.h; path = base64.h; sourceTree = "<group>"; };
		ED25C0D01683AF8B0025CBFE /* common.hpp */ = {isa = PBXFileReference; fileEncoding = 4; lastKnownFileType = sourcecode.cpp.h; path = common.hpp; sourceTree = "<group>"; };
		ED25C0D11683AF8B0025CBFE /* connection.hpp */ = {isa = PBXFileReference; fileEncoding = 4; lastKnownFileType = sourcecode.cpp.h; path = connection.hpp; sourceTree = "<group>"; };
		ED25C0D21683AF8B0025CBFE /* endpoint.hpp */ = {isa = PBXFileReference; fileEncoding = 4; lastKnownFileType = sourcecode.cpp.h; path = endpoint.hpp; sourceTree = "<group>"; };
		ED25C0D41683AF8B0025CBFE /* constants.hpp */ = {isa = PBXFileReference; fileEncoding = 4; lastKnownFileType = sourcecode.cpp.h; path = constants.hpp; sourceTree = "<group>"; };
		ED25C0D51683AF8B0025CBFE /* parser.hpp */ = {isa = PBXFileReference; fileEncoding = 4; lastKnownFileType = sourcecode.cpp.h; path = parser.hpp; sourceTree = "<group>"; };
		ED25C0D71683AF8B0025CBFE /* logger.hpp */ = {isa = PBXFileReference; fileEncoding = 4; lastKnownFileType = sourcecode.cpp.h; path = logger.hpp; sourceTree = "<group>"; };
		ED25C0D91683AF8B0025CBFE /* md5.h */ = {isa = PBXFileReference; fileEncoding = 4; lastKnownFileType = sourcecode.c.h; path = md5.h; sourceTree = "<group>"; };
		ED25C0DA1683AF8B0025CBFE /* md5.hpp */ = {isa = PBXFileReference; fileEncoding = 4; lastKnownFileType = sourcecode.cpp.h; path = md5.hpp; sourceTree = "<group>"; };
		ED25C0DC1683AF8B0025CBFE /* control.hpp */ = {isa = PBXFileReference; fileEncoding = 4; lastKnownFileType = sourcecode.cpp.h; path = control.hpp; sourceTree = "<group>"; };
		ED25C0DD1683AF8B0025CBFE /* data.hpp */ = {isa = PBXFileReference; fileEncoding = 4; lastKnownFileType = sourcecode.cpp.h; path = data.hpp; sourceTree = "<group>"; };
		ED25C0DE1683AF8B0025CBFE /* network_utilities.hpp */ = {isa = PBXFileReference; fileEncoding = 4; lastKnownFileType = sourcecode.cpp.h; path = network_utilities.hpp; sourceTree = "<group>"; };
		ED25C0E01683AF8B0025CBFE /* hybi.hpp */ = {isa = PBXFileReference; fileEncoding = 4; lastKnownFileType = sourcecode.cpp.h; path = hybi.hpp; sourceTree = "<group>"; };
		ED25C0E11683AF8B0025CBFE /* hybi_header.hpp */ = {isa = PBXFileReference; fileEncoding = 4; lastKnownFileType = sourcecode.cpp.h; path = hybi_header.hpp; sourceTree = "<group>"; };
		ED25C0E21683AF8B0025CBFE /* hybi_legacy.hpp */ = {isa = PBXFileReference; fileEncoding = 4; lastKnownFileType = sourcecode.cpp.h; path = hybi_legacy.hpp; sourceTree = "<group>"; };
		ED25C0E31683AF8B0025CBFE /* hybi_util.hpp */ = {isa = PBXFileReference; fileEncoding = 4; lastKnownFileType = sourcecode.cpp.h; path = hybi_util.hpp; sourceTree = "<group>"; };
		ED25C0E41683AF8B0025CBFE /* processor.hpp */ = {isa = PBXFileReference; fileEncoding = 4; lastKnownFileType = sourcecode.cpp.h; path = processor.hpp; sourceTree = "<group>"; };
		ED25C0E61683AF8B0025CBFE /* blank_rng.hpp */ = {isa = PBXFileReference; fileEncoding = 4; lastKnownFileType = sourcecode.cpp.h; path = blank_rng.hpp; sourceTree = "<group>"; };
		ED25C0E71683AF8B0025CBFE /* boost_rng.hpp */ = {isa = PBXFileReference; fileEncoding = 4; lastKnownFileType = sourcecode.cpp.h; path = boost_rng.hpp; sourceTree = "<group>"; };
		ED25C0E91683AF8B0025CBFE /* client.hpp */ = {isa = PBXFileReference; fileEncoding = 4; lastKnownFileType = sourcecode.cpp.h; path = client.hpp; sourceTree = "<group>"; };
		ED25C0EA1683AF8B0025CBFE /* server.hpp */ = {isa = PBXFileReference; fileEncoding = 4; lastKnownFileType = sourcecode.cpp.h; path = server.hpp; sourceTree = "<group>"; };
		ED25C0EC1683AF8B0025CBFE /* sha1.h */ = {isa = PBXFileReference; fileEncoding = 4; lastKnownFileType = sourcecode.c.h; path = sha1.h; sourceTree = "<group>"; };
		ED25C0ED1683AF8B0025CBFE /* shared_const_buffer.hpp */ = {isa = PBXFileReference; fileEncoding = 4; lastKnownFileType = sourcecode.cpp.h; path = shared_const_buffer.hpp; sourceTree = "<group>"; };
		ED25C0EF1683AF8B0025CBFE /* plain.hpp */ = {isa = PBXFileReference; fileEncoding = 4; lastKnownFileType = sourcecode.cpp.h; path = plain.hpp; sourceTree = "<group>"; };
		ED25C0F01683AF8B0025CBFE /* socket_base.hpp */ = {isa = PBXFileReference; fileEncoding = 4; lastKnownFileType = sourcecode.cpp.h; path = socket_base.hpp; sourceTree = "<group>"; };
		ED25C0F11683AF8B0025CBFE /* tls.hpp */ = {isa = PBXFileReference; fileEncoding = 4; lastKnownFileType = sourcecode.cpp.h; path = tls.hpp; sourceTree = "<group>"; };
		ED25C0F31683AF8B0025CBFE /* client.pem */ = {isa = PBXFileReference; fileEncoding = 4; lastKnownFileType = text; path = client.pem; sourceTree = "<group>"; };
		ED25C0F41683AF8B0025CBFE /* dh512.pem */ = {isa = PBXFileReference; fileEncoding = 4; lastKnownFileType = text; path = dh512.pem; sourceTree = "<group>"; };
		ED25C0F51683AF8B0025CBFE /* server.cer */ = {isa = PBXFileReference; fileEncoding = 4; lastKnownFileType = text; path = server.cer; sourceTree = "<group>"; };
		ED25C0F61683AF8B0025CBFE /* server.pem */ = {isa = PBXFileReference; fileEncoding = 4; lastKnownFileType = text; path = server.pem; sourceTree = "<group>"; };
		ED25C0F71683AF8B0025CBFE /* uri.hpp */ = {isa = PBXFileReference; fileEncoding = 4; lastKnownFileType = sourcecode.cpp.h; path = uri.hpp; sourceTree = "<group>"; };
		ED25C0F91683AF8B0025CBFE /* utf8_validator.hpp */ = {isa = PBXFileReference; fileEncoding = 4; lastKnownFileType = sourcecode.cpp.h; path = utf8_validator.hpp; sourceTree = "<group>"; };
		ED25C0FA1683AF8B0025CBFE /* websocket_frame.hpp */ = {isa = PBXFileReference; fileEncoding = 4; lastKnownFileType = sourcecode.cpp.h; path = websocket_frame.hpp; sourceTree = "<group>"; };
		ED25C0FB1683AF8B0025CBFE /* websocketpp.hpp */ = {isa = PBXFileReference; fileEncoding = 4; lastKnownFileType = sourcecode.cpp.h; path = websocketpp.hpp; sourceTree = "<group>"; };
		ED25C0FE1683AF8B0025CBFE /* libwebsocketpp.a */ = {isa = PBXFileReference; lastKnownFileType = archive.ar; path = libwebsocketpp.a; sourceTree = "<group>"; };
		ED25C1011683AF8B0025CBFE /* README.md */ = {isa = PBXFileReference; fileEncoding = 4; lastKnownFileType = text; path = README.md; sourceTree = "<group>"; };
		ED25C14A1683DC250025CBFE /* CoreMotion.framework */ = {isa = PBXFileReference; lastKnownFileType = wrapper.framework; name = CoreMotion.framework; path = System/Library/Frameworks/CoreMotion.framework; sourceTree = SDKROOT; };
		ED25C1661683E1000025CBFE /* MarioKardApp.mm */ = {isa = PBXFileReference; fileEncoding = 4; lastKnownFileType = sourcecode.cpp.objcpp; name = MarioKardApp.mm; path = ../src/MarioKardApp.mm; sourceTree = "<group>"; };
/* End PBXFileReference section */

/* Begin PBXFrameworksBuildPhase section */
		1D60588F0D05DD3D006BFB54 /* Frameworks */ = {
			isa = PBXFrameworksBuildPhase;
			buildActionMask = 2147483647;
			files = (
				ED25C14B1683DC250025CBFE /* CoreMotion.framework in Frameworks */,
				00EB544113E25367006BF8E7 /* libz.dylib in Frameworks */,
				00EB543F13E25352006BF8E7 /* CoreText.framework in Frameworks */,
				00EB53F013E250DA006BF8E7 /* AudioToolbox.framework in Frameworks */,
				C725E001121DAC8F00FA186B /* AVFoundation.framework in Frameworks */,
				C725DFFE121DAC7F00FA186B /* CoreMedia.framework in Frameworks */,
				1D60589F0D05DD5A006BFB54 /* Foundation.framework in Frameworks */,
				1DF5F4E00D08C38300B7A737 /* UIKit.framework in Frameworks */,
				28FD15000DC6FC520079059D /* OpenGLES.framework in Frameworks */,
				28FD15080DC6FC5B0079059D /* QuartzCore.framework in Frameworks */,
				00CFDF6B1138442D0091E310 /* CoreGraphics.framework in Frameworks */,
				C727C02E121B400300192073 /* CoreVideo.framework in Frameworks */,
				ED25C13D1683AF8C0025CBFE /* libwebsocketpp.a in Frameworks */,
			);
			runOnlyForDeploymentPostprocessing = 0;
		};
/* End PBXFrameworksBuildPhase section */

/* Begin PBXGroup section */
		00CFDFA7113848F40091E310 /* Source */ = {
			isa = PBXGroup;
			children = (
				ED25C1661683E1000025CBFE /* MarioKardApp.mm */,
			);
			name = Source;
			sourceTree = "<group>";
		};
		00CFDFB81138492F0091E310 /* Headers */ = {
			isa = PBXGroup;
			children = (
				32CA4F630368D1EE00C91783 /* MarioKard_Prefix.pch */,
			);
			name = Headers;
			sourceTree = "<group>";
		};
		19C28FACFE9D520D11CA2CBB /* Products */ = {
			isa = PBXGroup;
			children = (
				1D6058910D05DD3D006BFB54 /* MarioKard.app */,
			);
			name = Products;
			sourceTree = "<group>";
		};
		29B97314FDCFA39411CA2CEA /* CustomTemplate */ = {
			isa = PBXGroup;
			children = (
				ED25C14A1683DC250025CBFE /* CoreMotion.framework */,
				ED7F9BD31682A9CE0056161C /* Blocks */,
				00CFDFB81138492F0091E310 /* Headers */,
				00CFDFA7113848F40091E310 /* Source */,
				29B97317FDCFA39411CA2CEA /* Resources */,
				29B97323FDCFA39411CA2CEA /* Frameworks */,
				19C28FACFE9D520D11CA2CBB /* Products */,
			);
			name = CustomTemplate;
			sourceTree = "<group>";
		};
		29B97317FDCFA39411CA2CEA /* Resources */ = {
			isa = PBXGroup;
			children = (
				00EB53F113E251EF006BF8E7 /* assets */,
				43CD9798123D6504003B628E /* Icon.png */,
				8D1107310486CEB800E47090 /* MarioKard-Info.plist */,
			);
			name = Resources;
			sourceTree = "<group>";
		};
		29B97323FDCFA39411CA2CEA /* Frameworks */ = {
			isa = PBXGroup;
			children = (
				00EB543E13E25352006BF8E7 /* CoreText.framework */,
				00EB544013E25367006BF8E7 /* libz.dylib */,
				C727C02B121B400300192073 /* CoreMedia.framework */,
				C727C02D121B400300192073 /* CoreVideo.framework */,
				28FD15070DC6FC5B0079059D /* QuartzCore.framework */,
				28FD14FF0DC6FC520079059D /* OpenGLES.framework */,
				1DF5F4DF0D08C38300B7A737 /* UIKit.framework */,
				1D30AB110D05D00D00671497 /* Foundation.framework */,
				00CFDF6A1138442D0091E310 /* CoreGraphics.framework */,
				C725E000121DAC8F00FA186B /* AVFoundation.framework */,
				00EB53EF13E250DA006BF8E7 /* AudioToolbox.framework */,
			);
			name = Frameworks;
			sourceTree = "<group>";
		};
		ED25C0751683AF8B0025CBFE /* ciwebsocketcpp */ = {
			isa = PBXGroup;
			children = (
				ED25C0CD1683AF8B0025CBFE /* include */,
				ED25C0FC1683AF8B0025CBFE /* lib */,
				ED25C1011683AF8B0025CBFE /* README.md */,
			);
			name = ciwebsocketcpp;
			path = ../../../../../../code/cinder_0.8.4/blocks/ciwebsocketcpp;
			sourceTree = "<group>";
		};
		ED25C0CD1683AF8B0025CBFE /* include */ = {
			isa = PBXGroup;
			children = (
				ED25C0CE1683AF8B0025CBFE /* base64 */,
				ED25C0D01683AF8B0025CBFE /* common.hpp */,
				ED25C0D11683AF8B0025CBFE /* connection.hpp */,
				ED25C0D21683AF8B0025CBFE /* endpoint.hpp */,
				ED25C0D31683AF8B0025CBFE /* http */,
				ED25C0D61683AF8B0025CBFE /* logger */,
				ED25C0D81683AF8B0025CBFE /* md5 */,
				ED25C0DB1683AF8B0025CBFE /* messages */,
				ED25C0DE1683AF8B0025CBFE /* network_utilities.hpp */,
				ED25C0DF1683AF8B0025CBFE /* processors */,
				ED25C0E51683AF8B0025CBFE /* rng */,
				ED25C0E81683AF8B0025CBFE /* roles */,
				ED25C0EB1683AF8B0025CBFE /* sha1 */,
				ED25C0ED1683AF8B0025CBFE /* shared_const_buffer.hpp */,
				ED25C0EE1683AF8B0025CBFE /* sockets */,
				ED25C0F21683AF8B0025CBFE /* ssl */,
				ED25C0F71683AF8B0025CBFE /* uri.hpp */,
				ED25C0F81683AF8B0025CBFE /* utf8_validator */,
				ED25C0FA1683AF8B0025CBFE /* websocket_frame.hpp */,
				ED25C0FB1683AF8B0025CBFE /* websocketpp.hpp */,
			);
			path = include;
			sourceTree = "<group>";
		};
		ED25C0CE1683AF8B0025CBFE /* base64 */ = {
			isa = PBXGroup;
			children = (
				ED25C0CF1683AF8B0025CBFE /* base64.h */,
			);
			path = base64;
			sourceTree = "<group>";
		};
		ED25C0D31683AF8B0025CBFE /* http */ = {
			isa = PBXGroup;
			children = (
				ED25C0D41683AF8B0025CBFE /* constants.hpp */,
				ED25C0D51683AF8B0025CBFE /* parser.hpp */,
			);
			path = http;
			sourceTree = "<group>";
		};
		ED25C0D61683AF8B0025CBFE /* logger */ = {
			isa = PBXGroup;
			children = (
				ED25C0D71683AF8B0025CBFE /* logger.hpp */,
			);
			path = logger;
			sourceTree = "<group>";
		};
		ED25C0D81683AF8B0025CBFE /* md5 */ = {
			isa = PBXGroup;
			children = (
				ED25C0D91683AF8B0025CBFE /* md5.h */,
				ED25C0DA1683AF8B0025CBFE /* md5.hpp */,
			);
			path = md5;
			sourceTree = "<group>";
		};
		ED25C0DB1683AF8B0025CBFE /* messages */ = {
			isa = PBXGroup;
			children = (
				ED25C0DC1683AF8B0025CBFE /* control.hpp */,
				ED25C0DD1683AF8B0025CBFE /* data.hpp */,
			);
			path = messages;
			sourceTree = "<group>";
		};
		ED25C0DF1683AF8B0025CBFE /* processors */ = {
			isa = PBXGroup;
			children = (
				ED25C0E01683AF8B0025CBFE /* hybi.hpp */,
				ED25C0E11683AF8B0025CBFE /* hybi_header.hpp */,
				ED25C0E21683AF8B0025CBFE /* hybi_legacy.hpp */,
				ED25C0E31683AF8B0025CBFE /* hybi_util.hpp */,
				ED25C0E41683AF8B0025CBFE /* processor.hpp */,
			);
			path = processors;
			sourceTree = "<group>";
		};
		ED25C0E51683AF8B0025CBFE /* rng */ = {
			isa = PBXGroup;
			children = (
				ED25C0E61683AF8B0025CBFE /* blank_rng.hpp */,
				ED25C0E71683AF8B0025CBFE /* boost_rng.hpp */,
			);
			path = rng;
			sourceTree = "<group>";
		};
		ED25C0E81683AF8B0025CBFE /* roles */ = {
			isa = PBXGroup;
			children = (
				ED25C0E91683AF8B0025CBFE /* client.hpp */,
				ED25C0EA1683AF8B0025CBFE /* server.hpp */,
			);
			path = roles;
			sourceTree = "<group>";
		};
		ED25C0EB1683AF8B0025CBFE /* sha1 */ = {
			isa = PBXGroup;
			children = (
				ED25C0EC1683AF8B0025CBFE /* sha1.h */,
			);
			path = sha1;
			sourceTree = "<group>";
		};
		ED25C0EE1683AF8B0025CBFE /* sockets */ = {
			isa = PBXGroup;
			children = (
				ED25C0EF1683AF8B0025CBFE /* plain.hpp */,
				ED25C0F01683AF8B0025CBFE /* socket_base.hpp */,
				ED25C0F11683AF8B0025CBFE /* tls.hpp */,
			);
			path = sockets;
			sourceTree = "<group>";
		};
		ED25C0F21683AF8B0025CBFE /* ssl */ = {
			isa = PBXGroup;
			children = (
				ED25C0F31683AF8B0025CBFE /* client.pem */,
				ED25C0F41683AF8B0025CBFE /* dh512.pem */,
				ED25C0F51683AF8B0025CBFE /* server.cer */,
				ED25C0F61683AF8B0025CBFE /* server.pem */,
			);
			path = ssl;
			sourceTree = "<group>";
		};
		ED25C0F81683AF8B0025CBFE /* utf8_validator */ = {
			isa = PBXGroup;
			children = (
				ED25C0F91683AF8B0025CBFE /* utf8_validator.hpp */,
			);
			path = utf8_validator;
			sourceTree = "<group>";
		};
		ED25C0FC1683AF8B0025CBFE /* lib */ = {
			isa = PBXGroup;
			children = (
				ED25C0FD1683AF8B0025CBFE /* iOS */,
			);
			path = lib;
			sourceTree = "<group>";
		};
		ED25C0FD1683AF8B0025CBFE /* iOS */ = {
			isa = PBXGroup;
			children = (
				ED25C0FE1683AF8B0025CBFE /* libwebsocketpp.a */,
			);
			path = iOS;
			sourceTree = "<group>";
		};
		ED7F9BD31682A9CE0056161C /* Blocks */ = {
			isa = PBXGroup;
			children = (
				ED25C0751683AF8B0025CBFE /* ciwebsocketcpp */,
			);
			name = Blocks;
			sourceTree = "<group>";
		};
/* End PBXGroup section */

/* Begin PBXNativeTarget section */
		1D6058900D05DD3D006BFB54 /* MarioKard */ = {
			isa = PBXNativeTarget;
			buildConfigurationList = 1D6058960D05DD3E006BFB54 /* Build configuration list for PBXNativeTarget "MarioKard" */;
			buildPhases = (
				1D60588D0D05DD3D006BFB54 /* Resources */,
				1D60588E0D05DD3D006BFB54 /* Sources */,
				1D60588F0D05DD3D006BFB54 /* Frameworks */,
			);
			buildRules = (
			);
			dependencies = (
			);
			name = MarioKard;
			productName = MarioKard;
			productReference = 1D6058910D05DD3D006BFB54 /* MarioKard.app */;
			productType = "com.apple.product-type.application";
		};
/* End PBXNativeTarget section */

/* Begin PBXProject section */
		29B97313FDCFA39411CA2CEA /* Project object */ = {
			isa = PBXProject;
			buildConfigurationList = C01FCF4E08A954540054247B /* Build configuration list for PBXProject "MarioKard" */;
			compatibilityVersion = "Xcode 3.1";
			developmentRegion = English;
			hasScannedForEncodings = 1;
			knownRegions = (
				en,
			);
			mainGroup = 29B97314FDCFA39411CA2CEA /* CustomTemplate */;
			projectDirPath = "";
			projectRoot = "";
			targets = (
				1D6058900D05DD3D006BFB54 /* MarioKard */,
			);
		};
/* End PBXProject section */

/* Begin PBXResourcesBuildPhase section */
		1D60588D0D05DD3D006BFB54 /* Resources */ = {
			isa = PBXResourcesBuildPhase;
			buildActionMask = 2147483647;
			files = (
				43CD9799123D6504003B628E /* Icon.png in Resources */,
				00EB53F213E251EF006BF8E7 /* assets in Resources */,
				ED25C1391683AF8C0025CBFE /* client.pem in Resources */,
				ED25C13A1683AF8C0025CBFE /* dh512.pem in Resources */,
				ED25C13B1683AF8C0025CBFE /* server.cer in Resources */,
				ED25C13C1683AF8C0025CBFE /* server.pem in Resources */,
				ED25C13F1683AF8C0025CBFE /* README.md in Resources */,
			);
			runOnlyForDeploymentPostprocessing = 0;
		};
/* End PBXResourcesBuildPhase section */

/* Begin PBXSourcesBuildPhase section */
		1D60588E0D05DD3D006BFB54 /* Sources */ = {
			isa = PBXSourcesBuildPhase;
			buildActionMask = 2147483647;
			files = (
				ED25C1671683E1000025CBFE /* MarioKardApp.mm in Sources */,
			);
			runOnlyForDeploymentPostprocessing = 0;
		};
/* End PBXSourcesBuildPhase section */

/* Begin XCBuildConfiguration section */
		1D6058940D05DD3E006BFB54 /* Debug */ = {
			isa = XCBuildConfiguration;
			buildSettings = {
				ALWAYS_SEARCH_USER_PATHS = NO;
				COPY_PHASE_STRIP = NO;
				GCC_DYNAMIC_NO_PIC = NO;
				GCC_INLINES_ARE_PRIVATE_EXTERN = NO;
				GCC_OPTIMIZATION_LEVEL = 0;
				GCC_PRECOMPILE_PREFIX_HEADER = YES;
				GCC_PREFIX_HEADER = MarioKard_Prefix.pch;
				GCC_SYMBOLS_PRIVATE_EXTERN = NO;
				"GCC_THUMB_SUPPORT[arch=armv6]" = "";
				INFOPLIST_FILE = "MarioKard-Info.plist";
				IPHONEOS_DEPLOYMENT_TARGET = 3.2;
				LIBRARY_SEARCH_PATHS = (
					"$(inherited)",
					"\"$(SRCROOT)/../../../../../../code/cinder_0.8.4/blocks/websocketcpp/lib/iOS\"",
					"\"$(SRCROOT)/../../../../../../code/cinder_0.8.4/blocks/websocketcpp/lib/osx\"",
					"\"$(SRCROOT)/../../../../../../code/cinder_0.8.4/blocks/ciwebsocketcpp/lib/iOS\"",
					"\"$(SRCROOT)/../../../../../../code/cinder_0.8.4/blocks/ciwebsocketcpp/lib/osx\"",
				);
				"OTHER_LDFLAGS[sdk=iphoneos*][arch=*]" = (
					"\"$(CINDER_PATH)/lib/libcinder-iphone_d.a\"",
					"\"$(CINDER_PATH)/blocks/ciwebsocketcpp/lib/iOS/libwebsocketpp.a\"",
				);
				"OTHER_LDFLAGS[sdk=iphonesimulator*][arch=*]" = "\"$(CINDER_PATH)/lib/libcinder-iphone-sim_d.a\"";
				PRODUCT_NAME = MarioKard;
				USER_HEADER_SEARCH_PATHS = "\"$(CINDER_PATH)/include\" include \"$(CINDER_PATH)/blocks/ciwebsocketcpp/include\"";
			};
			name = Debug;
		};
		1D6058950D05DD3E006BFB54 /* Release */ = {
			isa = XCBuildConfiguration;
			buildSettings = {
				ALWAYS_SEARCH_USER_PATHS = NO;
				COPY_PHASE_STRIP = YES;
				GCC_INLINES_ARE_PRIVATE_EXTERN = NO;
				GCC_PRECOMPILE_PREFIX_HEADER = YES;
				GCC_PREFIX_HEADER = MarioKard_Prefix.pch;
				GCC_SYMBOLS_PRIVATE_EXTERN = NO;
				"GCC_THUMB_SUPPORT[arch=armv6]" = "";
				INFOPLIST_FILE = "MarioKard-Info.plist";
				IPHONEOS_DEPLOYMENT_TARGET = 3.2;
				LIBRARY_SEARCH_PATHS = (
					"$(inherited)",
					"\"$(SRCROOT)/../../../../../../code/cinder_0.8.4/blocks/websocketcpp/lib/iOS\"",
					"\"$(SRCROOT)/../../../../../../code/cinder_0.8.4/blocks/websocketcpp/lib/osx\"",
					"\"$(SRCROOT)/../../../../../../code/cinder_0.8.4/blocks/ciwebsocketcpp/lib/iOS\"",
					"\"$(SRCROOT)/../../../../../../code/cinder_0.8.4/blocks/ciwebsocketcpp/lib/osx\"",
				);
				"OTHER_LDFLAGS[sdk=iphoneos*][arch=*]" = (
					"\"$(CINDER_PATH)/lib/libcinder-iphone.a\"",
					"\"$(CINDER_PATH)/blocks/ciwebsocketcpp/lib/iOS/libwebsocketpp.a\"",
				);
				"OTHER_LDFLAGS[sdk=iphonesimulator*][arch=*]" = "\"$(CINDER_PATH)/lib/libcinder-iphone-sim.a\"";
				PRODUCT_NAME = MarioKard;
				USER_HEADER_SEARCH_PATHS = "\"$(CINDER_PATH)/include\" include \"$(CINDER_PATH)/blocks/ciwebsocketcpp/include\"";
			};
			name = Release;
		};
		C01FCF4F08A954540054247B /* Debug */ = {
			isa = XCBuildConfiguration;
			buildSettings = {
				ARCHS = "$(ARCHS_STANDARD_32_BIT)";
				CINDER_PATH = ../../../../../../code/cinder_0.8.4;
				"CODE_SIGN_IDENTITY[sdk=iphoneos*]" = "iPhone Developer";
				GCC_C_LANGUAGE_STANDARD = c99;
				GCC_PREPROCESSOR_DEFINITIONS = DEBUG;
				GCC_WARN_ABOUT_RETURN_TYPE = YES;
				GCC_WARN_UNUSED_VARIABLE = YES;
				HEADER_SEARCH_PATHS = "\"$(CINDER_PATH)/boost\"";
				IPHONEOS_DEPLOYMENT_TARGET = 3.2;
				PREBINDING = NO;
				"PROVISIONING_PROFILE[sdk=iphoneos*]" = "";
				SDKROOT = iphoneos;
				SYMROOT = ./build;
				TARGETED_DEVICE_FAMILY = "1,2";
				USER_HEADER_SEARCH_PATHS = "\"$(CINDER_PATH)/include\" include \"$(CINDER_PATH)/blocks/ciwebsocketcpp/include\"";
				VALID_ARCHS = "armv7 i386";
			};
			name = Debug;
		};
		C01FCF5008A954540054247B /* Release */ = {
			isa = XCBuildConfiguration;
			buildSettings = {
				ARCHS = "$(ARCHS_STANDARD_32_BIT)";
				CINDER_PATH = ../../../../../../code/cinder_0.8.4;
				"CODE_SIGN_IDENTITY[sdk=iphoneos*]" = "iPhone Developer";
				GCC_C_LANGUAGE_STANDARD = c99;
				GCC_WARN_ABOUT_RETURN_TYPE = YES;
				GCC_WARN_UNUSED_VARIABLE = YES;
				HEADER_SEARCH_PATHS = "\"$(CINDER_PATH)/boost\"";
				IPHONEOS_DEPLOYMENT_TARGET = 3.2;
				PREBINDING = NO;
				"PROVISIONING_PROFILE[sdk=iphoneos*]" = "";
				SDKROOT = iphoneos;
				SYMROOT = ./build;
				TARGETED_DEVICE_FAMILY = "1,2";
				USER_HEADER_SEARCH_PATHS = "\"$(CINDER_PATH)/include\" include \"$(CINDER_PATH)/blocks/ciwebsocketcpp/include\"";
				VALID_ARCHS = "armv7 i386";
			};
			name = Release;
		};
/* End XCBuildConfiguration section */

/* Begin XCConfigurationList section */
		1D6058960D05DD3E006BFB54 /* Build configuration list for PBXNativeTarget "MarioKard" */ = {
			isa = XCConfigurationList;
			buildConfigurations = (
				1D6058940D05DD3E006BFB54 /* Debug */,
				1D6058950D05DD3E006BFB54 /* Release */,
			);
			defaultConfigurationIsVisible = 0;
			defaultConfigurationName = Release;
		};
		C01FCF4E08A954540054247B /* Build configuration list for PBXProject "MarioKard" */ = {
			isa = XCConfigurationList;
			buildConfigurations = (
				C01FCF4F08A954540054247B /* Debug */,
				C01FCF5008A954540054247B /* Release */,
			);
			defaultConfigurationIsVisible = 0;
			defaultConfigurationName = Release;
		};
/* End XCConfigurationList section */
	};
	rootObject = 29B97313FDCFA39411CA2CEA /* Project object */;
}
